{
  "name": "on-device-ai",
  "version": "1.0.0",
  "lockfileVersion": 3,
  "requires": true,
  "packages": {
    "": {
      "name": "on-device-ai",
      "version": "1.0.0",
      "dependencies": {
        "@mai-ui/core-components-suite": "^1.2.0",
        "@mai-ui/design-tokens": "^1.2.2"
      }
    },
    "node_modules/@fluentui/tokens": {
      "version": "1.0.0-alpha.21",
      "resolved": "https://pkgs.dev.azure.com/microsoftaidesign/mai-ui/_packaging/mai-ui/npm/registry/@fluentui/tokens/-/tokens-1.0.0-alpha.21.tgz",
      "integrity": "sha1-JXOMq7lapakNrZI5cyXOcARK1fc=",
      "license": "MIT",
      "peer": true,
      "dependencies": {
        "@swc/helpers": "^0.5.1"
      }
    },
    "node_modules/@fluentui/web-components": {
      "version": "3.0.0-beta.88",
      "resolved": "https://pkgs.dev.azure.com/microsoftaidesign/mai-ui/_packaging/mai-ui/npm/registry/@fluentui/web-components/-/web-components-3.0.0-beta.88.tgz",
      "integrity": "sha1-hq+aKUbqdAxYlNIntrjGILevVTg=",
      "license": "MIT",
      "peer": true,
      "dependencies": {
        "@fluentui/tokens": "1.0.0-alpha.21",
        "@microsoft/fast-web-utilities": "^6.0.0",
        "tabbable": "^6.2.0",
        "tslib": "^2.1.0"
      },
      "peerDependencies": {
        "@microsoft/fast-element": "^2.0.0-beta.26 || ^2.0.0"
      }
    },
    "node_modules/@mai-ui/accordion": {
      "version": "1.0.1",
      "resolved": "https://pkgs.dev.azure.com/microsoftaidesign/mai-ui/_packaging/mai-ui/npm/registry/@mai-ui/accordion/-/accordion-1.0.1.tgz",
      "integrity": "sha1-9iYOX6eklSHJtUp9S+NN8dZihMA=",
      "license": "UNLICENSED",
      "dependencies": {
        "@mai-ui/component-framework": "^1.0.0",
        "@mai-ui/design-tokens": "^1.1.0"
      },
      "peerDependencies": {
        "@fluentui/web-components": ">= 3.0.0-beta.84 || ^3.0.0",
        "@microsoft/fast-element": "^2.0.0"
      }
    },
    "node_modules/@mai-ui/accordion-item": {
      "version": "1.0.1",
      "resolved": "https://pkgs.dev.azure.com/microsoftaidesign/mai-ui/_packaging/mai-ui/npm/registry/@mai-ui/accordion-item/-/accordion-item-1.0.1.tgz",
      "integrity": "sha1-RNwA1Xv9jwpigb/eAtS+nLwlCHQ=",
      "license": "UNLICENSED",
      "dependencies": {
        "@mai-ui/component-framework": "^1.0.0",
        "@mai-ui/design-tokens": "^1.1.0"
      },
      "peerDependencies": {
        "@fluentui/web-components": ">= 3.0.0-beta.84 || ^3.0.0",
        "@microsoft/fast-element": "^2.0.0"
      }
    },
    "node_modules/@mai-ui/anchor-button": {
      "version": "1.0.1",
      "resolved": "https://pkgs.dev.azure.com/microsoftaidesign/mai-ui/_packaging/mai-ui/npm/registry/@mai-ui/anchor-button/-/anchor-button-1.0.1.tgz",
      "integrity": "sha1-dKGcwWCyLk8tyNjeAWMI32e0CW8=",
      "license": "UNLICENSED",
      "dependencies": {
        "@mai-ui/button": "^1.0.1",
        "@mai-ui/component-framework": "^1.0.0"
      },
      "peerDependencies": {
        "@fluentui/web-components": ">= 3.0.0-beta.84 || ^3.0.0",
        "@microsoft/fast-element": "^2.0.0"
      }
    },
    "node_modules/@mai-ui/avatar": {
      "version": "1.0.1",
      "resolved": "https://pkgs.dev.azure.com/microsoftaidesign/mai-ui/_packaging/mai-ui/npm/registry/@mai-ui/avatar/-/avatar-1.0.1.tgz",
      "integrity": "sha1-7GSUpProTITrHwxMLWbezmURXc0=",
      "license": "UNLICENSED",
      "dependencies": {
        "@mai-ui/component-framework": "^1.0.0",
        "@mai-ui/design-tokens": "^1.1.0"
      },
      "peerDependencies": {
        "@fluentui/web-components": ">= 3.0.0-beta.84 || ^3.0.0",
        "@microsoft/fast-element": "^2.0.0"
      }
    },
    "node_modules/@mai-ui/badge": {
      "version": "1.1.0",
      "resolved": "https://pkgs.dev.azure.com/microsoftaidesign/mai-ui/_packaging/mai-ui/npm/registry/@mai-ui/badge/-/badge-1.1.0.tgz",
      "integrity": "sha1-vjoB3/9Uslqe4oOE87gsZtk4UbE=",
      "license": "UNLICENSED",
      "dependencies": {
        "@mai-ui/component-framework": "^1.0.0",
        "@mai-ui/design-tokens": "^1.1.0"
      },
      "peerDependencies": {
        "@fluentui/web-components": ">= 3.0.0-beta.84 || ^3.0.0",
        "@microsoft/fast-element": "^2.0.0"
      }
    },
    "node_modules/@mai-ui/button": {
      "version": "1.0.1",
      "resolved": "https://pkgs.dev.azure.com/microsoftaidesign/mai-ui/_packaging/mai-ui/npm/registry/@mai-ui/button/-/button-1.0.1.tgz",
      "integrity": "sha1-/TQC++gl/fU5GSBI7JBq3pBMv34=",
      "license": "UNLICENSED",
      "dependencies": {
        "@mai-ui/component-framework": "^1.0.0",
        "@mai-ui/design-tokens": "^1.1.0"
      },
      "peerDependencies": {
        "@fluentui/web-components": ">= 3.0.0-beta.84 || ^3.0.0",
        "@microsoft/fast-element": "^2.0.0"
      }
    },
    "node_modules/@mai-ui/checkbox": {
      "version": "1.0.1",
      "resolved": "https://pkgs.dev.azure.com/microsoftaidesign/mai-ui/_packaging/mai-ui/npm/registry/@mai-ui/checkbox/-/checkbox-1.0.1.tgz",
      "integrity": "sha1-ldYVvr6OLYNymEsPFDz/jwxUj/w=",
      "license": "UNLICENSED",
      "dependencies": {
        "@mai-ui/component-framework": "^1.0.0"
      },
      "peerDependencies": {
        "@fluentui/web-components": ">= 3.0.0-beta.84 || ^3.0.0",
        "@microsoft/fast-element": "^2.0.0"
      }
    },
    "node_modules/@mai-ui/component-framework": {
      "version": "1.0.0",
      "resolved": "https://pkgs.dev.azure.com/microsoftaidesign/mai-ui/_packaging/mai-ui/npm/registry/@mai-ui/component-framework/-/component-framework-1.0.0.tgz",
      "integrity": "sha1-6OxuOH4xMEv3x6KSj1I/Rw2BiWc=",
      "license": "UNLICENSED",
      "dependencies": {
        "@mai-ui/design-tokens": "^1.0.0"
      }
    },
    "node_modules/@mai-ui/core-components-suite": {
      "version": "1.2.0",
      "resolved": "https://pkgs.dev.azure.com/microsoftaidesign/mai-ui/_packaging/mai-ui/npm/registry/@mai-ui/core-components-suite/-/core-components-suite-1.2.0.tgz",
      "integrity": "sha1-p32jnVmFvwHWJQtwRhEvWH7ToOA=",
      "license": "UNLICENSED",
      "dependencies": {
        "@mai-ui/accordion": "1.0.1",
        "@mai-ui/accordion-item": "1.0.1",
        "@mai-ui/anchor-button": "1.0.1",
        "@mai-ui/avatar": "1.0.1",
        "@mai-ui/badge": "1.1.0",
        "@mai-ui/button": "1.0.1",
        "@mai-ui/checkbox": "1.0.1",
        "@mai-ui/dialog": "1.0.1",
        "@mai-ui/dialog-body": "1.0.1",
        "@mai-ui/divider": "1.0.1",
        "@mai-ui/drawer": "1.0.0",
        "@mai-ui/drawer-body": "1.0.0",
        "@mai-ui/dropdown": "^1.0.0",
        "@mai-ui/field": "1.0.2",
        "@mai-ui/filter": "1.0.1",
        "@mai-ui/filter-item": "1.0.1",
        "@mai-ui/link": "1.0.1",
        "@mai-ui/listbox": "^1.0.0",
        "@mai-ui/menu": "1.0.1",
        "@mai-ui/menu-button": "1.0.1",
        "@mai-ui/menu-item": "1.0.1",
        "@mai-ui/menu-list": "1.0.3",
        "@mai-ui/message-bar": "1.0.1",
        "@mai-ui/option": "^1.0.0",
        "@mai-ui/progress-bar": "1.1.0",
        "@mai-ui/radio": "1.0.2",
        "@mai-ui/radio-group": "1.0.1",
        "@mai-ui/rating-display": "1.0.2",
        "@mai-ui/slider": "1.0.1",
        "@mai-ui/spinner": "1.0.1",
        "@mai-ui/switch": "1.0.1",
        "@mai-ui/tab": "1.0.1",
        "@mai-ui/tablist": "1.0.1",
        "@mai-ui/text-input": "1.0.1",
        "@mai-ui/textarea": "1.0.1",
        "@mai-ui/tooltip": "1.0.0",
        "@mai-ui/tree": "1.0.0",
        "@mai-ui/tree-item": "1.0.0"
      }
    },
    "node_modules/@mai-ui/design-tokens": {
      "version": "1.2.2",
      "resolved": "https://pkgs.dev.azure.com/microsoftaidesign/mai-ui/_packaging/mai-ui/npm/registry/@mai-ui/design-tokens/-/design-tokens-1.2.2.tgz",
      "integrity": "sha1-vkoYtqvjG9qiWrkmWINhyLVbjDQ=",
      "license": "UNLICENSED"
    },
    "node_modules/@mai-ui/dialog": {
      "version": "1.0.1",
      "resolved": "https://pkgs.dev.azure.com/microsoftaidesign/mai-ui/_packaging/mai-ui/npm/registry/@mai-ui/dialog/-/dialog-1.0.1.tgz",
      "integrity": "sha1-4OlsPlWt8/srj+drQ9ynOCFHtnI=",
      "license": "UNLICENSED",
      "dependencies": {
        "@mai-ui/component-framework": "^1.0.0",
        "@mai-ui/design-tokens": "^1.1.0"
      },
      "peerDependencies": {
        "@fluentui/web-components": ">= 3.0.0-beta.84 || ^3.0.0",
        "@microsoft/fast-element": "^2.0.0"
      }
    },
    "node_modules/@mai-ui/dialog-body": {
      "version": "1.0.1",
      "resolved": "https://pkgs.dev.azure.com/microsoftaidesign/mai-ui/_packaging/mai-ui/npm/registry/@mai-ui/dialog-body/-/dialog-body-1.0.1.tgz",
      "integrity": "sha1-ZRmhQr6R4PsIKGCWiSSRru6YfZ4=",
      "license": "UNLICENSED",
      "dependencies": {
        "@mai-ui/button": "^1.0.1",
        "@mai-ui/component-framework": "^1.0.0",
        "@mai-ui/design-tokens": "^1.1.0",
        "@mai-ui/dialog": "^1.0.1"
      },
      "peerDependencies": {
        "@fluentui/web-components": ">= 3.0.0-beta.84 || ^3.0.0",
        "@microsoft/fast-element": "^2.0.0"
      }
    },
    "node_modules/@mai-ui/divider": {
      "version": "1.0.1",
      "resolved": "https://pkgs.dev.azure.com/microsoftaidesign/mai-ui/_packaging/mai-ui/npm/registry/@mai-ui/divider/-/divider-1.0.1.tgz",
      "integrity": "sha1-NSbWo510kIgJG79IPzgl6t2SnWs=",
      "license": "UNLICENSED",
      "dependencies": {
        "@mai-ui/component-framework": "^1.0.0"
      },
      "peerDependencies": {
        "@fluentui/web-components": ">= 3.0.0-beta.84 || ^3.0.0",
        "@microsoft/fast-element": "^2.0.0"
      }
    },
    "node_modules/@mai-ui/drawer": {
      "version": "1.0.0",
      "resolved": "https://pkgs.dev.azure.com/microsoftaidesign/mai-ui/_packaging/mai-ui/npm/registry/@mai-ui/drawer/-/drawer-1.0.0.tgz",
      "integrity": "sha1-YChc6dTmeohDrdKmM7/a8NVaKgU=",
      "license": "UNLICENSED",
      "dependencies": {
        "@mai-ui/component-framework": "^1.0.0",
        "@mai-ui/design-tokens": "^1.1.0"
      },
      "peerDependencies": {
        "@fluentui/web-components": ">= 3.0.0-beta.83 || ^3.0.0",
        "@microsoft/fast-element": "^2.0.0"
      }
    },
    "node_modules/@mai-ui/drawer-body": {
      "version": "1.0.0",
      "resolved": "https://pkgs.dev.azure.com/microsoftaidesign/mai-ui/_packaging/mai-ui/npm/registry/@mai-ui/drawer-body/-/drawer-body-1.0.0.tgz",
      "integrity": "sha1-JLJgZm7Te/1QAXML8P4rOtA7Uvc=",
      "license": "UNLICENSED",
      "dependencies": {
        "@mai-ui/component-framework": "^1.0.0",
        "@mai-ui/design-tokens": "^1.1.0"
      },
      "peerDependencies": {
        "@fluentui/web-components": ">= 3.0.0-beta.83 || ^3.0.0",
        "@microsoft/fast-element": "^2.0.0"
      }
    },
    "node_modules/@mai-ui/dropdown": {
      "version": "1.0.0",
      "resolved": "https://pkgs.dev.azure.com/microsoftaidesign/mai-ui/_packaging/mai-ui/npm/registry/@mai-ui/dropdown/-/dropdown-1.0.0.tgz",
      "integrity": "sha1-KeT/YS6a8Eti/5CIoM7+ases/d8=",
      "license": "UNLICENSED",
      "dependencies": {
        "@mai-ui/component-framework": "^1.0.0"
      },
      "peerDependencies": {
        "@fluentui/web-components": ">= 3.0.0-beta.83 || ^3.0.0",
        "@microsoft/fast-element": "^2.0.0"
      }
    },
    "node_modules/@mai-ui/field": {
      "version": "1.0.2",
      "resolved": "https://pkgs.dev.azure.com/microsoftaidesign/mai-ui/_packaging/mai-ui/npm/registry/@mai-ui/field/-/field-1.0.2.tgz",
      "integrity": "sha1-qonTCGnmPN5z8EX6ZLn227NT5ro=",
      "license": "UNLICENSED",
      "dependencies": {
        "@mai-ui/component-framework": "^1.0.0"
      },
      "peerDependencies": {
        "@fluentui/web-components": ">= 3.0.0-beta.84 || ^3.0.0",
        "@microsoft/fast-element": "^2.0.0"
      }
    },
    "node_modules/@mai-ui/filter": {
      "version": "1.0.1",
      "resolved": "https://pkgs.dev.azure.com/microsoftaidesign/mai-ui/_packaging/mai-ui/npm/registry/@mai-ui/filter/-/filter-1.0.1.tgz",
      "integrity": "sha1-q617CgRj4ASbpCYR1vtrln1WTIY=",
      "license": "UNLICENSED",
      "dependencies": {
        "@mai-ui/component-framework": "^1.0.0",
        "@mai-ui/design-tokens": "^1.1.0",
        "@mai-ui/filter-item": "^1.0.1"
      },
      "peerDependencies": {
        "@fluentui/web-components": ">= 3.0.0-beta.84 || ^3.0.0",
        "@microsoft/fast-element": "^2.0.0"
      }
    },
    "node_modules/@mai-ui/filter-item": {
      "version": "1.0.1",
      "resolved": "https://pkgs.dev.azure.com/microsoftaidesign/mai-ui/_packaging/mai-ui/npm/registry/@mai-ui/filter-item/-/filter-item-1.0.1.tgz",
      "integrity": "sha1-z5dIW8wJ0hJMgGeoYTZKDKAZJeI=",
      "license": "UNLICENSED",
      "dependencies": {
        "@mai-ui/component-framework": "^1.0.0",
        "@mai-ui/design-tokens": "^1.1.0"
      },
      "peerDependencies": {
        "@fluentui/web-components": ">= 3.0.0-beta.84 || ^3.0.0",
        "@microsoft/fast-element": "^2.0.0"
      }
    },
    "node_modules/@mai-ui/link": {
      "version": "1.0.1",
      "resolved": "https://pkgs.dev.azure.com/microsoftaidesign/mai-ui/_packaging/mai-ui/npm/registry/@mai-ui/link/-/link-1.0.1.tgz",
      "integrity": "sha1-1NRTRd6dqMlOvY+eKMI3ZbgGtgU=",
      "license": "UNLICENSED",
      "dependencies": {
        "@mai-ui/component-framework": "^1.0.0"
      },
      "peerDependencies": {
        "@fluentui/web-components": ">= 3.0.0-beta.84 || ^3.0.0",
        "@microsoft/fast-element": "^2.0.0"
      }
    },
    "node_modules/@mai-ui/listbox": {
      "version": "1.0.1",
      "resolved": "https://pkgs.dev.azure.com/microsoftaidesign/mai-ui/_packaging/mai-ui/npm/registry/@mai-ui/listbox/-/listbox-1.0.1.tgz",
      "integrity": "sha1-IqoFaYwmDy7updqzWqgXCz8yEXk=",
      "license": "UNLICENSED",
      "dependencies": {
        "@mai-ui/component-framework": "^1.0.0"
      },
      "peerDependencies": {
        "@fluentui/web-components": ">= 3.0.0-beta.88 || ^3.0.0",
        "@microsoft/fast-element": "^2.0.0"
      }
    },
    "node_modules/@mai-ui/menu": {
      "version": "1.0.1",
      "resolved": "https://pkgs.dev.azure.com/microsoftaidesign/mai-ui/_packaging/mai-ui/npm/registry/@mai-ui/menu/-/menu-1.0.1.tgz",
      "integrity": "sha1-St+WSQxNvCgMo2S44xGTQwOnUAo=",
      "license": "UNLICENSED",
      "dependencies": {
        "@mai-ui/component-framework": "^1.0.0"
      },
      "peerDependencies": {
        "@fluentui/web-components": ">= 3.0.0-beta.84 || ^3.0.0",
        "@microsoft/fast-element": "^2.0.0"
      }
    },
    "node_modules/@mai-ui/menu-button": {
      "version": "1.0.1",
      "resolved": "https://pkgs.dev.azure.com/microsoftaidesign/mai-ui/_packaging/mai-ui/npm/registry/@mai-ui/menu-button/-/menu-button-1.0.1.tgz",
      "integrity": "sha1-fpwjC18u8tQFDQLWADh1so8j5yM=",
      "license": "UNLICENSED",
      "dependencies": {
        "@mai-ui/button": "^1.0.1",
        "@mai-ui/component-framework": "^1.0.0"
      },
      "peerDependencies": {
        "@fluentui/web-components": ">= 3.0.0-beta.84 || ^3.0.0",
        "@microsoft/fast-element": "^2.0.0"
      }
    },
    "node_modules/@mai-ui/menu-item": {
      "version": "1.0.1",
      "resolved": "https://pkgs.dev.azure.com/microsoftaidesign/mai-ui/_packaging/mai-ui/npm/registry/@mai-ui/menu-item/-/menu-item-1.0.1.tgz",
      "integrity": "sha1-thnPlNwzfk7tVJXCH8va4aM68cI=",
      "license": "UNLICENSED",
      "dependencies": {
        "@mai-ui/component-framework": "^1.0.0"
      },
      "peerDependencies": {
        "@fluentui/web-components": ">= 3.0.0-beta.84 || ^3.0.0",
        "@microsoft/fast-element": "^2.0.0"
      }
    },
    "node_modules/@mai-ui/menu-list": {
      "version": "1.0.3",
      "resolved": "https://pkgs.dev.azure.com/microsoftaidesign/mai-ui/_packaging/mai-ui/npm/registry/@mai-ui/menu-list/-/menu-list-1.0.3.tgz",
      "integrity": "sha1-ZgGbfqaUlHpXoAGhjvLoNq1RY3A=",
      "license": "UNLICENSED",
      "dependencies": {
        "@mai-ui/component-framework": "^1.0.0"
      },
      "peerDependencies": {
        "@fluentui/web-components": ">= 3.0.0-beta.84 || ^3.0.0",
        "@microsoft/fast-element": "^2.0.0"
      }
    },
    "node_modules/@mai-ui/message-bar": {
      "version": "1.0.1",
      "resolved": "https://pkgs.dev.azure.com/microsoftaidesign/mai-ui/_packaging/mai-ui/npm/registry/@mai-ui/message-bar/-/message-bar-1.0.1.tgz",
      "integrity": "sha1-cQrqQBdbFJ/K3AC9/pVcKilnRas=",
      "license": "UNLICENSED",
      "dependencies": {
        "@mai-ui/component-framework": "^1.0.0"
      },
      "peerDependencies": {
        "@fluentui/web-components": ">= 3.0.0-beta.84 || ^3.0.0",
        "@microsoft/fast-element": "^2.0.0"
      }
    },
    "node_modules/@mai-ui/option": {
      "version": "1.0.0",
      "resolved": "https://pkgs.dev.azure.com/microsoftaidesign/mai-ui/_packaging/mai-ui/npm/registry/@mai-ui/option/-/option-1.0.0.tgz",
      "integrity": "sha1-R3+8YNt+EiN6hH0C96HUHjll3QA=",
      "license": "UNLICENSED",
      "dependencies": {
        "@mai-ui/component-framework": "^1.0.0"
      },
      "peerDependencies": {
        "@fluentui/web-components": ">= 3.0.0-beta.83 || ^3.0.0",
        "@microsoft/fast-element": "^2.0.0"
      }
    },
    "node_modules/@mai-ui/progress-bar": {
      "version": "1.1.0",
      "resolved": "https://pkgs.dev.azure.com/microsoftaidesign/mai-ui/_packaging/mai-ui/npm/registry/@mai-ui/progress-bar/-/progress-bar-1.1.0.tgz",
      "integrity": "sha1-3CMDCorUuMeiqz2mNc7KXqr6iFM=",
      "license": "UNLICENSED",
      "dependencies": {
        "@mai-ui/component-framework": "^1.0.0"
      },
      "peerDependencies": {
        "@fluentui/web-components": ">= 3.0.0-beta.84 || ^3.0.0",
        "@microsoft/fast-element": "^2.0.0"
      }
    },
    "node_modules/@mai-ui/radio": {
      "version": "1.0.2",
      "resolved": "https://pkgs.dev.azure.com/microsoftaidesign/mai-ui/_packaging/mai-ui/npm/registry/@mai-ui/radio/-/radio-1.0.2.tgz",
      "integrity": "sha1-iR60mpYNedGXkbxqUsfdaLxgaVg=",
      "license": "UNLICENSED",
      "dependencies": {
        "@mai-ui/component-framework": "^1.0.0"
      },
      "peerDependencies": {
        "@fluentui/web-components": ">= 3.0.0-beta.84 || ^3.0.0",
        "@microsoft/fast-element": "^2.0.0"
      }
    },
    "node_modules/@mai-ui/radio-group": {
      "version": "1.0.1",
      "resolved": "https://pkgs.dev.azure.com/microsoftaidesign/mai-ui/_packaging/mai-ui/npm/registry/@mai-ui/radio-group/-/radio-group-1.0.1.tgz",
      "integrity": "sha1-O/C8veiRNdkzrovm7rVY7P9yGtU=",
      "license": "UNLICENSED",
      "dependencies": {
        "@mai-ui/component-framework": "^1.0.0"
      },
      "peerDependencies": {
        "@fluentui/web-components": ">= 3.0.0-beta.84 || ^3.0.0",
        "@microsoft/fast-element": "^2.0.0"
      }
    },
    "node_modules/@mai-ui/rating-display": {
      "version": "1.0.2",
      "resolved": "https://pkgs.dev.azure.com/microsoftaidesign/mai-ui/_packaging/mai-ui/npm/registry/@mai-ui/rating-display/-/rating-display-1.0.2.tgz",
      "integrity": "sha1-HKEvXuKe4Esr4Sq5kg7ljcHZxAw=",
      "license": "UNLICENSED",
      "dependencies": {
        "@mai-ui/component-framework": "^1.0.0"
      },
      "peerDependencies": {
        "@fluentui/web-components": ">= 3.0.0-beta.84 || ^3.0.0",
        "@microsoft/fast-element": "^2.0.0"
      }
    },
    "node_modules/@mai-ui/slider": {
      "version": "1.0.1",
      "resolved": "https://pkgs.dev.azure.com/microsoftaidesign/mai-ui/_packaging/mai-ui/npm/registry/@mai-ui/slider/-/slider-1.0.1.tgz",
      "integrity": "sha1-MjdSRVl9sjBrDcIhc/uFP5X5yl8=",
      "license": "UNLICENSED",
      "dependencies": {
        "@mai-ui/component-framework": "^1.0.0",
        "@mai-ui/design-tokens": "^1.1.0"
      },
      "peerDependencies": {
        "@fluentui/web-components": ">= 3.0.0-beta.84 || ^3.0.0",
        "@microsoft/fast-element": "^2.0.0"
      }
    },
    "node_modules/@mai-ui/spinner": {
      "version": "1.0.1",
      "resolved": "https://pkgs.dev.azure.com/microsoftaidesign/mai-ui/_packaging/mai-ui/npm/registry/@mai-ui/spinner/-/spinner-1.0.1.tgz",
      "integrity": "sha1-/9XyZvXRFDpWaIt7R1EvDdC2LWw=",
      "license": "UNLICENSED",
      "dependencies": {
        "@mai-ui/component-framework": "^1.0.0",
        "@mai-ui/design-tokens": "^1.1.0"
      },
      "peerDependencies": {
        "@fluentui/web-components": ">= 3.0.0-beta.84 || ^3.0.0",
        "@microsoft/fast-element": "^2.0.0"
      }
    },
    "node_modules/@mai-ui/switch": {
      "version": "1.0.1",
      "resolved": "https://pkgs.dev.azure.com/microsoftaidesign/mai-ui/_packaging/mai-ui/npm/registry/@mai-ui/switch/-/switch-1.0.1.tgz",
      "integrity": "sha1-gej8tGKpBnDfpy+AKP8pPvtmJqM=",
      "license": "UNLICENSED",
      "dependencies": {
        "@mai-ui/component-framework": "^1.0.0"
      },
      "peerDependencies": {
        "@fluentui/web-components": ">= 3.0.0-beta.84 || ^3.0.0",
        "@microsoft/fast-element": "^2.0.0"
      }
    },
    "node_modules/@mai-ui/tab": {
      "version": "1.0.1",
      "resolved": "https://pkgs.dev.azure.com/microsoftaidesign/mai-ui/_packaging/mai-ui/npm/registry/@mai-ui/tab/-/tab-1.0.1.tgz",
      "integrity": "sha1-KLdAcv8pL3nX2duBLBvYsxhhEkM=",
      "license": "UNLICENSED",
      "dependencies": {
        "@mai-ui/component-framework": "^1.0.0",
        "@mai-ui/design-tokens": "^1.1.0"
      },
      "peerDependencies": {
        "@fluentui/web-components": ">= 3.0.0-beta.84 || ^3.0.0",
        "@microsoft/fast-element": "^2.0.0"
      }
    },
    "node_modules/@mai-ui/tablist": {
      "version": "1.0.1",
      "resolved": "https://pkgs.dev.azure.com/microsoftaidesign/mai-ui/_packaging/mai-ui/npm/registry/@mai-ui/tablist/-/tablist-1.0.1.tgz",
      "integrity": "sha1-G5khSh0K8Dlez8o+qjh/f+BdTys=",
      "license": "UNLICENSED",
      "dependencies": {
        "@mai-ui/component-framework": "^1.0.0",
        "@mai-ui/design-tokens": "^1.1.0"
      },
      "peerDependencies": {
        "@fluentui/web-components": ">= 3.0.0-beta.84 || ^3.0.0",
        "@microsoft/fast-element": "^2.0.0"
      }
    },
    "node_modules/@mai-ui/text-input": {
      "version": "1.0.1",
      "resolved": "https://pkgs.dev.azure.com/microsoftaidesign/mai-ui/_packaging/mai-ui/npm/registry/@mai-ui/text-input/-/text-input-1.0.1.tgz",
      "integrity": "sha1-71UJSmpGeCHmwigfrzbkDO89RMg=",
      "license": "UNLICENSED",
      "dependencies": {
        "@mai-ui/component-framework": "^1.0.0",
        "@mai-ui/design-tokens": "^1.1.0"
      },
      "peerDependencies": {
        "@fluentui/web-components": ">= 3.0.0-beta.84 || ^3.0.0",
        "@microsoft/fast-element": "^2.0.0"
      }
    },
    "node_modules/@mai-ui/textarea": {
      "version": "1.0.1",
      "resolved": "https://pkgs.dev.azure.com/microsoftaidesign/mai-ui/_packaging/mai-ui/npm/registry/@mai-ui/textarea/-/textarea-1.0.1.tgz",
      "integrity": "sha1-Qrpi+ooVk61806277KFCUoX6G2U=",
      "license": "UNLICENSED",
      "dependencies": {
        "@mai-ui/component-framework": "^1.0.0",
        "@mai-ui/design-tokens": "^1.1.0"
      },
      "peerDependencies": {
        "@fluentui/web-components": ">= 3.0.0-beta.84 || ^3.0.0",
        "@microsoft/fast-element": "^2.0.0"
      }
    },
    "node_modules/@mai-ui/tooltip": {
      "version": "1.0.0",
      "resolved": "https://pkgs.dev.azure.com/microsoftaidesign/mai-ui/_packaging/mai-ui/npm/registry/@mai-ui/tooltip/-/tooltip-1.0.0.tgz",
      "integrity": "sha1-uNkkvsLwv7rOGD9sROMPkNwJRRg=",
      "license": "UNLICENSED",
      "dependencies": {
        "@mai-ui/component-framework": "^1.0.0",
        "@mai-ui/design-tokens": "^1.1.0"
      },
      "peerDependencies": {
        "@fluentui/web-components": ">= 3.0.0-beta.83 || ^3.0.0",
        "@microsoft/fast-element": "^2.0.0"
      }
    },
    "node_modules/@mai-ui/tree": {
      "version": "1.0.0",
      "resolved": "https://pkgs.dev.azure.com/microsoftaidesign/mai-ui/_packaging/mai-ui/npm/registry/@mai-ui/tree/-/tree-1.0.0.tgz",
      "integrity": "sha1-P4snidPB12VD0uFyR5n3AoTWEWg=",
      "license": "UNLICENSED",
      "dependencies": {
        "@mai-ui/component-framework": "^1.0.0",
        "@mai-ui/design-tokens": "^1.1.0"
      },
      "peerDependencies": {
        "@fluentui/web-components": ">= 3.0.0-beta.86 || ^3.0.0",
        "@microsoft/fast-element": "^2.0.0"
      }
    },
    "node_modules/@mai-ui/tree-item": {
      "version": "1.0.0",
      "resolved": "https://pkgs.dev.azure.com/microsoftaidesign/mai-ui/_packaging/mai-ui/npm/registry/@mai-ui/tree-item/-/tree-item-1.0.0.tgz",
      "integrity": "sha1-Lnh26Q7Gk5LkW1lO4ApQYnSW/Dc=",
      "license": "UNLICENSED",
      "dependencies": {
        "@mai-ui/component-framework": "^1.0.0",
        "@mai-ui/design-tokens": "^1.1.0"
      },
      "peerDependencies": {
        "@fluentui/web-components": ">= 3.0.0-beta.86 || ^3.0.0",
        "@microsoft/fast-element": "^2.0.0"
      }
    },
    "node_modules/@microsoft/fast-element": {
      "version": "2.2.0",
      "resolved": "https://pkgs.dev.azure.com/microsoftaidesign/mai-ui/_packaging/mai-ui/npm/registry/@microsoft/fast-element/-/fast-element-2.2.0.tgz",
      "integrity": "sha1-Ew76UZL8DUscdFB3OcZVOFtlRJA=",
      "license": "MIT",
      "peer": true
    },
    "node_modules/@microsoft/fast-web-utilities": {
      "version": "6.0.0",
      "resolved": "https://pkgs.dev.azure.com/microsoftaidesign/mai-ui/_packaging/mai-ui/npm/registry/@microsoft/fast-web-utilities/-/fast-web-utilities-6.0.0.tgz",
      "integrity": "sha1-dnjCss0Sru94X04iiNqTpNueOKY=",
      "license": "MIT",
      "peer": true,
      "dependencies": {
        "exenv-es6": "^1.1.1"
      }
    },
    "node_modules/@swc/helpers": {
      "version": "0.5.15",
      "resolved": "https://pkgs.dev.azure.com/microsoftaidesign/mai-ui/_packaging/mai-ui/npm/registry/@swc/helpers/-/helpers-0.5.15.tgz",
      "integrity": "sha1-ee+rNExYGez4OkPz+fgR/IS1Ftc=",
      "license": "Apache-2.0",
      "peer": true,
      "dependencies": {
        "tslib": "^2.8.0"
      }
    },
    "node_modules/exenv-es6": {
      "version": "1.1.1",
      "resolved": "https://pkgs.dev.azure.com/microsoftaidesign/mai-ui/_packaging/mai-ui/npm/registry/exenv-es6/-/exenv-es6-1.1.1.tgz",
      "integrity": "sha1-gLeoxa8k1TMx91W6wH6Eq7H23mc=",
      "license": "MIT",
      "peer": true
    },
    "node_modules/tabbable": {
      "version": "6.2.0",
      "resolved": "https://pkgs.dev.azure.com/microsoftaidesign/mai-ui/_packaging/mai-ui/npm/registry/tabbable/-/tabbable-6.2.0.tgz",
      "integrity": "sha1-cy+2K8AXXPzsJXMwvhh9z7ofO5c=",
      "license": "MIT",
      "peer": true
    },
    "node_modules/tslib": {
      "version": "2.8.1",
      "resolved": "https://pkgs.dev.azure.com/microsoftaidesign/mai-ui/_packaging/mai-ui/npm/registry/tslib/-/tslib-2.8.1.tgz",
      "integrity": "sha1-YS7+TtI11Wfoq6Xypfq3AoCt6D8=",
      "license": "0BSD",
      "peer": true
    }
  }
}
